{
  "name": "labo_nodejs-third_party_modules",
  "version": "1.0.0",
  "lockfileVersion": 3,
  "requires": true,
  "packages": {
    "": {
      "name": "labo_nodejs-third_party_modules",
      "version": "1.0.0",
      "license": "ISC",
      "dependencies": {
        "@fancyapps/ui": "github:fancyapps/ui"
      }
    },
    "node_modules/@fancyapps/ui": {
      "version": "5.0.22",
      "resolved": "git+ssh://git@github.com/fancyapps/ui.git#19409ac715a3b562fde26e57a2d78259da4cd705",
      "license": "SEE LICENSE IN LICENSE.md"
    }
  }
}
